
Microsoft Visual Studio Solution File, Format Version 12.00
# Visual Studio Version 17
VisualStudioVersion = 17.3.32929.385
MinimumVisualStudioVersion = 10.0.40219.1
Project("{9A19103F-16F7-4668-BE54-9A1E7A4F7556}") = "Pilet_Radzen_Blazor", "Pilet_Radzen_Blazor.csproj", "{274BF524-1EDA-4E7F-95E4-9E3C6F5EB8F7}"
EndProject
Global
	GlobalSection(SolutionConfigurationPlatforms) = preSolution
		Debug|Any CPU = Debug|Any CPU
		Release|Any CPU = Release|Any CPU
	EndGlobalSection
	GlobalSection(ProjectConfigurationPlatforms) = postSolution
		{274BF524-1EDA-4E7F-95E4-9E3C6F5EB8F7}.Debug|Any CPU.ActiveCfg = Debug|Any CPU
		{274BF524-1EDA-4E7F-95E4-9E3C6F5EB8F7}.Debug|Any CPU.Build.0 = Debug|Any CPU
		{274BF524-1EDA-4E7F-95E4-9E3C6F5EB8F7}.Release|Any CPU.ActiveCfg = Release|Any CPU
		{274BF524-1EDA-4E7F-95E4-9E3C6F5EB8F7}.Release|Any CPU.Build.0 = Release|Any CPU
	EndGlobalSection
	GlobalSection(SolutionProperties) = preSolution
		HideSolutionNode = FALSE
	EndGlobalSection
	GlobalSection(ExtensibilityGlobals) = postSolution
		SolutionGuid = {CD512643-2BD9-4048-8E44-5D735DA64DE4}
	EndGlobalSection
EndGlobal
